
Microsoft Visual Studio Solution File, Format Version 12.00
# Visual Studio Version 17
VisualStudioVersion = 17.0.31919.166
MinimumVisualStudioVersion = 10.0.40219.1
Project("{9A19103F-16F7-4668-BE54-9A1E7A4F7556}") = "BikeShop", "BikeShop\BikeShop.csproj", "{C4A4E187-7E4B-4C90-8445-810B67A752A9}"
EndProject
Project("{9A19103F-16F7-4668-BE54-9A1E7A4F7556}") = "WpfStudy", "WpfStudy\WpfStudy.csproj", "{1E34CDD2-D1BA-4E49-BAD4-C6DA5B8F66F3}"
EndProject
Project("{FAE04EC0-301F-11D3-BF4B-00C04F79EFBC}") = "MultiCommandEx", "MultiCommandEx\MultiCommandEx.csproj", "{315F9082-1574-494A-B6BC-C86FD5A436C0}"
EndProject
Global
	GlobalSection(SolutionConfigurationPlatforms) = preSolution
		Debug|Any CPU = Debug|Any CPU
		Release|Any CPU = Release|Any CPU
	EndGlobalSection
	GlobalSection(ProjectConfigurationPlatforms) = postSolution
		{C4A4E187-7E4B-4C90-8445-810B67A752A9}.Debug|Any CPU.ActiveCfg = Debug|Any CPU
		{C4A4E187-7E4B-4C90-8445-810B67A752A9}.Debug|Any CPU.Build.0 = Debug|Any CPU
		{C4A4E187-7E4B-4C90-8445-810B67A752A9}.Release|Any CPU.ActiveCfg = Release|Any CPU
		{C4A4E187-7E4B-4C90-8445-810B67A752A9}.Release|Any CPU.Build.0 = Release|Any CPU
		{1E34CDD2-D1BA-4E49-BAD4-C6DA5B8F66F3}.Debug|Any CPU.ActiveCfg = Debug|Any CPU
		{1E34CDD2-D1BA-4E49-BAD4-C6DA5B8F66F3}.Debug|Any CPU.Build.0 = Debug|Any CPU
		{1E34CDD2-D1BA-4E49-BAD4-C6DA5B8F66F3}.Release|Any CPU.ActiveCfg = Release|Any CPU
		{1E34CDD2-D1BA-4E49-BAD4-C6DA5B8F66F3}.Release|Any CPU.Build.0 = Release|Any CPU
		{315F9082-1574-494A-B6BC-C86FD5A436C0}.Debug|Any CPU.ActiveCfg = Debug|Any CPU
		{315F9082-1574-494A-B6BC-C86FD5A436C0}.Debug|Any CPU.Build.0 = Debug|Any CPU
		{315F9082-1574-494A-B6BC-C86FD5A436C0}.Release|Any CPU.ActiveCfg = Release|Any CPU
		{315F9082-1574-494A-B6BC-C86FD5A436C0}.Release|Any CPU.Build.0 = Release|Any CPU
	EndGlobalSection
	GlobalSection(SolutionProperties) = preSolution
		HideSolutionNode = FALSE
	EndGlobalSection
	GlobalSection(ExtensibilityGlobals) = postSolution
		SolutionGuid = {FD308B0D-2ECE-4110-86DA-D39F7FF7AEF2}
	EndGlobalSection
EndGlobal
